Microsoft Visual Studio Solution File, Format Version 12.00
# Visual Studio Version 16
VisualStudioVersion = 25.0.1700.7
MinimumVisualStudioVersion = 10.0.40219.1
Project("{FAE04EC0-301F-11D3-BF4B-00C04F79EFBC}") = "Trust-Indicator", "Trust-Indicator.csproj", "{83EAA6AB-F33C-488B-BB3A-1DFADA55A07D}"
EndProject
Global
	GlobalSection(SolutionConfigurationPlatforms) = preSolution
		Debug|Any CPU = Debug|Any CPU
		Release|Any CPU = Release|Any CPU
	EndGlobalSection
	GlobalSection(ProjectConfigurationPlatforms) = postSolution
		{83EAA6AB-F33C-488B-BB3A-1DFADA55A07D}.Debug|Any CPU.ActiveCfg = Debug|Any CPU
		{83EAA6AB-F33C-488B-BB3A-1DFADA55A07D}.Debug|Any CPU.Build.0 = Debug|Any CPU
		{83EAA6AB-F33C-488B-BB3A-1DFADA55A07D}.Release|Any CPU.ActiveCfg = Release|Any CPU
		{83EAA6AB-F33C-488B-BB3A-1DFADA55A07D}.Release|Any CPU.Build.0 = Release|Any CPU
	EndGlobalSection
	GlobalSection(SolutionProperties) = preSolution
		HideSolutionNode = FALSE
	EndGlobalSection
	GlobalSection(ExtensibilityGlobals) = postSolution
		SolutionGuid = {3EC918F7-9003-49C4-8DC0-E202DE7EFB72}
	EndGlobalSection
EndGlobal