
Microsoft Visual Studio Solution File, Format Version 12.00
# Visual Studio Version 16
VisualStudioVersion = 16.0.33920.266
MinimumVisualStudioVersion = 10.0.40219.1
Project("{9A19103F-16F7-4668-BE54-9A1E7A4F7556}") = "EXIF_TESTER", "EXIF_TESTER\EXIF_TESTER.csproj", "{EC640D7A-ABD9-4F8C-B7A2-E76A281DDC25}"
EndProject
Project("{FAE04EC0-301F-11D3-BF4B-00C04F79EFBC}") = "ExifToolWrapperTests", "ExifToolWrapperTests\ExifToolWrapperTests.csproj", "{FE806AA1-3A71-43B3-9828-E09F881BBE70}"
EndProject
Global
	GlobalSection(SolutionConfigurationPlatforms) = preSolution
		Debug|Any CPU = Debug|Any CPU
		Release|Any CPU = Release|Any CPU
	EndGlobalSection
	GlobalSection(ProjectConfigurationPlatforms) = postSolution
		{EC640D7A-ABD9-4F8C-B7A2-E76A281DDC25}.Debug|Any CPU.ActiveCfg = Debug|Any CPU
		{EC640D7A-ABD9-4F8C-B7A2-E76A281DDC25}.Debug|Any CPU.Build.0 = Debug|Any CPU
		{EC640D7A-ABD9-4F8C-B7A2-E76A281DDC25}.Release|Any CPU.ActiveCfg = Release|Any CPU
		{EC640D7A-ABD9-4F8C-B7A2-E76A281DDC25}.Release|Any CPU.Build.0 = Release|Any CPU
		{FE806AA1-3A71-43B3-9828-E09F881BBE70}.Debug|Any CPU.ActiveCfg = Debug|Any CPU
		{FE806AA1-3A71-43B3-9828-E09F881BBE70}.Debug|Any CPU.Build.0 = Debug|Any CPU
		{FE806AA1-3A71-43B3-9828-E09F881BBE70}.Release|Any CPU.ActiveCfg = Release|Any CPU
		{FE806AA1-3A71-43B3-9828-E09F881BBE70}.Release|Any CPU.Build.0 = Release|Any CPU
	EndGlobalSection
	GlobalSection(SolutionProperties) = preSolution
		HideSolutionNode = FALSE
	EndGlobalSection
	GlobalSection(ExtensibilityGlobals) = postSolution
		SolutionGuid = {CD0E51C3-9401-44A4-B46A-A2FE1EE1A25B}
	EndGlobalSection
EndGlobal
